
Microsoft Visual Studio Solution File, Format Version 12.00
# Visual Studio Version 17
VisualStudioVersion = 17.7.34009.444
MinimumVisualStudioVersion = 10.0.40219.1
Project("{9A19103F-16F7-4668-BE54-9A1E7A4F7556}") = "1. RabbitMQ_Publisher", "RabbitMQ_Publisher\1. RabbitMQ_Publisher.csproj", "{79843993-DABC-4A29-923B-D48DD56EF952}"
EndProject
Project("{9A19103F-16F7-4668-BE54-9A1E7A4F7556}") = "1. RabbitMq_Consumer", "RabbitMq_Consumer\1. RabbitMq_Consumer.csproj", "{13C0D158-C571-415F-B341-96193741D890}"
EndProject
Project("{9A19103F-16F7-4668-BE54-9A1E7A4F7556}") = "2. RabbitMQ_Direct_Exchange_Consumer", "RabbitMq_Direct_Exchange_Consumer\2. RabbitMQ_Direct_Exchange_Consumer.csproj", "{B25803C4-1F10-4771-B9E4-70E333FC7950}"
EndProject
Project("{9A19103F-16F7-4668-BE54-9A1E7A4F7556}") = "2. RabbitMQ_Direct_Exchange_Publisher", "RabbitMQ_Direct_Exchange_Publisher\2. RabbitMQ_Direct_Exchange_Publisher.csproj", "{95D4825D-7460-48C1-83D5-6FA87AB0BCB9}"
EndProject
Project("{9A19103F-16F7-4668-BE54-9A1E7A4F7556}") = "3. RabbitMQ_Fanout_Exchange_Consumer", "RabbitMq_Fanout_Exchange_Consumer\3. RabbitMQ_Fanout_Exchange_Consumer.csproj", "{972BC28B-45DB-40BD-AB8E-4D328896D3EA}"
EndProject
Project("{9A19103F-16F7-4668-BE54-9A1E7A4F7556}") = "3. RabbitMQ_Fanout_Exchange_Publisher", "RabbitMQ_Fanout_Exchange_Publisher\3. RabbitMQ_Fanout_Exchange_Publisher.csproj", "{BE53CBED-9C3A-4985-A4B9-DF1B0B1590FB}"
EndProject
Project("{9A19103F-16F7-4668-BE54-9A1E7A4F7556}") = "4. RabbitMQ_Topic_Exchange_Consumer", "RabbitMq_Topic_Exchange_Consumer\4. RabbitMQ_Topic_Exchange_Consumer.csproj", "{1E738E00-8699-4ADC-A222-8FE75152A8CE}"
EndProject
Project("{9A19103F-16F7-4668-BE54-9A1E7A4F7556}") = "4. RabbitMQ_Topic_Exchange_Publisher", "RabbitMQ_Topic_Exchange_Publisher\4. RabbitMQ_Topic_Exchange_Publisher.csproj", "{C5A655E6-AE8E-42DA-B305-56DA62C6C047}"
EndProject
Project("{9A19103F-16F7-4668-BE54-9A1E7A4F7556}") = "5. RabbitMQ_Header_Exchange_Publisher", "RabbitMQ_Header_Exchange_Publisher\5. RabbitMQ_Header_Exchange_Publisher.csproj", "{CAEDD5A4-3750-44A9-90E2-5BFEAD1B7166}"
EndProject
Project("{9A19103F-16F7-4668-BE54-9A1E7A4F7556}") = "5. RabbitMQ_Header_Exchange_Consumer", "RabbitMQ_Header_Exchange_Consumer\5. RabbitMQ_Header_Exchange_Consumer.csproj", "{CCC99048-4B0D-4F66-8B81-1076FE9197C1}"
EndProject
Project("{9A19103F-16F7-4668-BE54-9A1E7A4F7556}") = "6. RabbitMQ__Message_Templates_Publisher", "RabbitMQ__Message_Templates_Publisher\6. RabbitMQ__Message_Templates_Publisher.csproj", "{70DF5106-E694-4119-8899-95966642BE1A}"
EndProject
Project("{9A19103F-16F7-4668-BE54-9A1E7A4F7556}") = "6. RabbitMq_Message_Templates_Consumer", "RabbitMq_Message_Templates_Consumer\6. RabbitMq_Message_Templates_Consumer.csproj", "{385267A4-6872-4692-8AD5-B4AF765C334B}"
EndProject
Project("{FAE04EC0-301F-11D3-BF4B-00C04F79EFBC}") = "RabbitMQ_ESB_MassTransit_Consumer", "RabbitMQ_ESB_MassTransit_Consumer\RabbitMQ_ESB_MassTransit_Consumer.csproj", "{C09D11DA-5413-41AA-90BD-08187BD4BEBE}"
EndProject
Project("{FAE04EC0-301F-11D3-BF4B-00C04F79EFBC}") = "RabbitMQ_ESB_MassTransit_Publisher", "RabbitMQ_ESB_MassTransit_Publisher\RabbitMQ_ESB_MassTransit_Publisher.csproj", "{DDCD2230-5B1D-4797-99FB-367FF1A5A728}"
EndProject
Project("{FAE04EC0-301F-11D3-BF4B-00C04F79EFBC}") = "RabbitMQ_ESB_MassTransit_Shared", "RabbitMQ_ESB_MassTransit_Shared\RabbitMQ_ESB_MassTransit_Shared.csproj", "{A9369031-3E54-420A-AB6D-F427D0B3B558}"
EndProject
Global
	GlobalSection(SolutionConfigurationPlatforms) = preSolution
		Debug|Any CPU = Debug|Any CPU
		Release|Any CPU = Release|Any CPU
	EndGlobalSection
	GlobalSection(ProjectConfigurationPlatforms) = postSolution
		{79843993-DABC-4A29-923B-D48DD56EF952}.Debug|Any CPU.ActiveCfg = Debug|Any CPU
		{79843993-DABC-4A29-923B-D48DD56EF952}.Debug|Any CPU.Build.0 = Debug|Any CPU
		{79843993-DABC-4A29-923B-D48DD56EF952}.Release|Any CPU.ActiveCfg = Release|Any CPU
		{79843993-DABC-4A29-923B-D48DD56EF952}.Release|Any CPU.Build.0 = Release|Any CPU
		{13C0D158-C571-415F-B341-96193741D890}.Debug|Any CPU.ActiveCfg = Debug|Any CPU
		{13C0D158-C571-415F-B341-96193741D890}.Debug|Any CPU.Build.0 = Debug|Any CPU
		{13C0D158-C571-415F-B341-96193741D890}.Release|Any CPU.ActiveCfg = Release|Any CPU
		{13C0D158-C571-415F-B341-96193741D890}.Release|Any CPU.Build.0 = Release|Any CPU
		{B25803C4-1F10-4771-B9E4-70E333FC7950}.Debug|Any CPU.ActiveCfg = Debug|Any CPU
		{B25803C4-1F10-4771-B9E4-70E333FC7950}.Debug|Any CPU.Build.0 = Debug|Any CPU
		{B25803C4-1F10-4771-B9E4-70E333FC7950}.Release|Any CPU.ActiveCfg = Release|Any CPU
		{B25803C4-1F10-4771-B9E4-70E333FC7950}.Release|Any CPU.Build.0 = Release|Any CPU
		{95D4825D-7460-48C1-83D5-6FA87AB0BCB9}.Debug|Any CPU.ActiveCfg = Debug|Any CPU
		{95D4825D-7460-48C1-83D5-6FA87AB0BCB9}.Debug|Any CPU.Build.0 = Debug|Any CPU
		{95D4825D-7460-48C1-83D5-6FA87AB0BCB9}.Release|Any CPU.ActiveCfg = Release|Any CPU
		{95D4825D-7460-48C1-83D5-6FA87AB0BCB9}.Release|Any CPU.Build.0 = Release|Any CPU
		{972BC28B-45DB-40BD-AB8E-4D328896D3EA}.Debug|Any CPU.ActiveCfg = Debug|Any CPU
		{972BC28B-45DB-40BD-AB8E-4D328896D3EA}.Debug|Any CPU.Build.0 = Debug|Any CPU
		{972BC28B-45DB-40BD-AB8E-4D328896D3EA}.Release|Any CPU.ActiveCfg = Release|Any CPU
		{972BC28B-45DB-40BD-AB8E-4D328896D3EA}.Release|Any CPU.Build.0 = Release|Any CPU
		{BE53CBED-9C3A-4985-A4B9-DF1B0B1590FB}.Debug|Any CPU.ActiveCfg = Debug|Any CPU
		{BE53CBED-9C3A-4985-A4B9-DF1B0B1590FB}.Debug|Any CPU.Build.0 = Debug|Any CPU
		{BE53CBED-9C3A-4985-A4B9-DF1B0B1590FB}.Release|Any CPU.ActiveCfg = Release|Any CPU
		{BE53CBED-9C3A-4985-A4B9-DF1B0B1590FB}.Release|Any CPU.Build.0 = Release|Any CPU
		{1E738E00-8699-4ADC-A222-8FE75152A8CE}.Debug|Any CPU.ActiveCfg = Debug|Any CPU
		{1E738E00-8699-4ADC-A222-8FE75152A8CE}.Debug|Any CPU.Build.0 = Debug|Any CPU
		{1E738E00-8699-4ADC-A222-8FE75152A8CE}.Release|Any CPU.ActiveCfg = Release|Any CPU
		{1E738E00-8699-4ADC-A222-8FE75152A8CE}.Release|Any CPU.Build.0 = Release|Any CPU
		{C5A655E6-AE8E-42DA-B305-56DA62C6C047}.Debug|Any CPU.ActiveCfg = Debug|Any CPU
		{C5A655E6-AE8E-42DA-B305-56DA62C6C047}.Debug|Any CPU.Build.0 = Debug|Any CPU
		{C5A655E6-AE8E-42DA-B305-56DA62C6C047}.Release|Any CPU.ActiveCfg = Release|Any CPU
		{C5A655E6-AE8E-42DA-B305-56DA62C6C047}.Release|Any CPU.Build.0 = Release|Any CPU
		{CAEDD5A4-3750-44A9-90E2-5BFEAD1B7166}.Debug|Any CPU.ActiveCfg = Debug|Any CPU
		{CAEDD5A4-3750-44A9-90E2-5BFEAD1B7166}.Debug|Any CPU.Build.0 = Debug|Any CPU
		{CAEDD5A4-3750-44A9-90E2-5BFEAD1B7166}.Release|Any CPU.ActiveCfg = Release|Any CPU
		{CAEDD5A4-3750-44A9-90E2-5BFEAD1B7166}.Release|Any CPU.Build.0 = Release|Any CPU
		{CCC99048-4B0D-4F66-8B81-1076FE9197C1}.Debug|Any CPU.ActiveCfg = Debug|Any CPU
		{CCC99048-4B0D-4F66-8B81-1076FE9197C1}.Debug|Any CPU.Build.0 = Debug|Any CPU
		{CCC99048-4B0D-4F66-8B81-1076FE9197C1}.Release|Any CPU.ActiveCfg = Release|Any CPU
		{CCC99048-4B0D-4F66-8B81-1076FE9197C1}.Release|Any CPU.Build.0 = Release|Any CPU
		{70DF5106-E694-4119-8899-95966642BE1A}.Debug|Any CPU.ActiveCfg = Debug|Any CPU
		{70DF5106-E694-4119-8899-95966642BE1A}.Debug|Any CPU.Build.0 = Debug|Any CPU
		{70DF5106-E694-4119-8899-95966642BE1A}.Release|Any CPU.ActiveCfg = Release|Any CPU
		{70DF5106-E694-4119-8899-95966642BE1A}.Release|Any CPU.Build.0 = Release|Any CPU
		{385267A4-6872-4692-8AD5-B4AF765C334B}.Debug|Any CPU.ActiveCfg = Debug|Any CPU
		{385267A4-6872-4692-8AD5-B4AF765C334B}.Debug|Any CPU.Build.0 = Debug|Any CPU
		{385267A4-6872-4692-8AD5-B4AF765C334B}.Release|Any CPU.ActiveCfg = Release|Any CPU
		{385267A4-6872-4692-8AD5-B4AF765C334B}.Release|Any CPU.Build.0 = Release|Any CPU
		{C09D11DA-5413-41AA-90BD-08187BD4BEBE}.Debug|Any CPU.ActiveCfg = Debug|Any CPU
		{C09D11DA-5413-41AA-90BD-08187BD4BEBE}.Debug|Any CPU.Build.0 = Debug|Any CPU
		{C09D11DA-5413-41AA-90BD-08187BD4BEBE}.Release|Any CPU.ActiveCfg = Release|Any CPU
		{C09D11DA-5413-41AA-90BD-08187BD4BEBE}.Release|Any CPU.Build.0 = Release|Any CPU
		{DDCD2230-5B1D-4797-99FB-367FF1A5A728}.Debug|Any CPU.ActiveCfg = Debug|Any CPU
		{DDCD2230-5B1D-4797-99FB-367FF1A5A728}.Debug|Any CPU.Build.0 = Debug|Any CPU
		{DDCD2230-5B1D-4797-99FB-367FF1A5A728}.Release|Any CPU.ActiveCfg = Release|Any CPU
		{DDCD2230-5B1D-4797-99FB-367FF1A5A728}.Release|Any CPU.Build.0 = Release|Any CPU
		{A9369031-3E54-420A-AB6D-F427D0B3B558}.Debug|Any CPU.ActiveCfg = Debug|Any CPU
		{A9369031-3E54-420A-AB6D-F427D0B3B558}.Debug|Any CPU.Build.0 = Debug|Any CPU
		{A9369031-3E54-420A-AB6D-F427D0B3B558}.Release|Any CPU.ActiveCfg = Release|Any CPU
		{A9369031-3E54-420A-AB6D-F427D0B3B558}.Release|Any CPU.Build.0 = Release|Any CPU
	EndGlobalSection
	GlobalSection(SolutionProperties) = preSolution
		HideSolutionNode = FALSE
	EndGlobalSection
	GlobalSection(ExtensibilityGlobals) = postSolution
		SolutionGuid = {749C5274-4C52-4745-962D-7ED0549F626F}
	EndGlobalSection
EndGlobal
